
Microsoft Visual Studio Solution File, Format Version 12.00
# Visual Studio Version 16
VisualStudioVersion = 16.0.33927.289
MinimumVisualStudioVersion = 10.0.40219.1
Project("{F184B08F-C81C-45F6-A57F-5ABD9991F28F}") = "hloni", "hloni.vbproj", "{EF5A753D-59B8-4471-B9BB-547376502C20}"
EndProject
Global
	GlobalSection(SolutionConfigurationPlatforms) = preSolution
		Debug|Any CPU = Debug|Any CPU
		Release|Any CPU = Release|Any CPU
	EndGlobalSection
	GlobalSection(ProjectConfigurationPlatforms) = postSolution
		{EF5A753D-59B8-4471-B9BB-547376502C20}.Debug|Any CPU.ActiveCfg = Debug|Any CPU
		{EF5A753D-59B8-4471-B9BB-547376502C20}.Debug|Any CPU.Build.0 = Debug|Any CPU
		{EF5A753D-59B8-4471-B9BB-547376502C20}.Release|Any CPU.ActiveCfg = Release|Any CPU
		{EF5A753D-59B8-4471-B9BB-547376502C20}.Release|Any CPU.Build.0 = Release|Any CPU
	EndGlobalSection
	GlobalSection(SolutionProperties) = preSolution
		HideSolutionNode = FALSE
	EndGlobalSection
	GlobalSection(ExtensibilityGlobals) = postSolution
		SolutionGuid = {6EB15F54-549E-4546-919D-84696B77B0BD}
	EndGlobalSection
EndGlobal
